
Microsoft Visual Studio Solution File, Format Version 12.00
# Visual Studio Version 16
VisualStudioVersion = 16.0.29721.120
MinimumVisualStudioVersion = 10.0.40219.1
Project("{FAE04EC0-301F-11D3-BF4B-00C04F79EFBC}") = "WebhookTest", "WebhookTest\WebhookTest.csproj", "{AE477753-869C-45CE-BB38-904CD203C184}"
EndProject
Project("{FAE04EC0-301F-11D3-BF4B-00C04F79EFBC}") = "GithubWebhookTest", "GithubWebhookTest\GithubWebhookTest.csproj", "{EAF82099-20D2-49A7-88AD-D3C68B42EF6A}"
EndProject
Global
	GlobalSection(SolutionConfigurationPlatforms) = preSolution
		Debug|Any CPU = Debug|Any CPU
		Release|Any CPU = Release|Any CPU
	EndGlobalSection
	GlobalSection(ProjectConfigurationPlatforms) = postSolution
		{AE477753-869C-45CE-BB38-904CD203C184}.Debug|Any CPU.ActiveCfg = Debug|Any CPU
		{AE477753-869C-45CE-BB38-904CD203C184}.Debug|Any CPU.Build.0 = Debug|Any CPU
		{AE477753-869C-45CE-BB38-904CD203C184}.Release|Any CPU.ActiveCfg = Release|Any CPU
		{AE477753-869C-45CE-BB38-904CD203C184}.Release|Any CPU.Build.0 = Release|Any CPU
		{EAF82099-20D2-49A7-88AD-D3C68B42EF6A}.Debug|Any CPU.ActiveCfg = Debug|Any CPU
		{EAF82099-20D2-49A7-88AD-D3C68B42EF6A}.Debug|Any CPU.Build.0 = Debug|Any CPU
		{EAF82099-20D2-49A7-88AD-D3C68B42EF6A}.Release|Any CPU.ActiveCfg = Release|Any CPU
		{EAF82099-20D2-49A7-88AD-D3C68B42EF6A}.Release|Any CPU.Build.0 = Release|Any CPU
	EndGlobalSection
	GlobalSection(SolutionProperties) = preSolution
		HideSolutionNode = FALSE
	EndGlobalSection
	GlobalSection(ExtensibilityGlobals) = postSolution
		SolutionGuid = {812775BB-050C-4352-B25D-F76461D606DE}
	EndGlobalSection
EndGlobal
